
Microsoft Visual Studio Solution File, Format Version 12.00
# Visual Studio Version 17
VisualStudioVersion = 17.4.33103.184
MinimumVisualStudioVersion = 10.0.40219.1
Project("{FAE04EC0-301F-11D3-BF4B-00C04F79EFBC}") = "arama-1", "arama-1.csproj", "{CAAA292C-5D13-45B5-9CCD-668B2D250723}"
EndProject
Global
	GlobalSection(SolutionConfigurationPlatforms) = preSolution
		Debug|Any CPU = Debug|Any CPU
		Release|Any CPU = Release|Any CPU
	EndGlobalSection
	GlobalSection(ProjectConfigurationPlatforms) = postSolution
		{CAAA292C-5D13-45B5-9CCD-668B2D250723}.Debug|Any CPU.ActiveCfg = Debug|Any CPU
		{CAAA292C-5D13-45B5-9CCD-668B2D250723}.Debug|Any CPU.Build.0 = Debug|Any CPU
		{CAAA292C-5D13-45B5-9CCD-668B2D250723}.Release|Any CPU.ActiveCfg = Release|Any CPU
		{CAAA292C-5D13-45B5-9CCD-668B2D250723}.Release|Any CPU.Build.0 = Release|Any CPU
	EndGlobalSection
	GlobalSection(SolutionProperties) = preSolution
		HideSolutionNode = FALSE
	EndGlobalSection
	GlobalSection(ExtensibilityGlobals) = postSolution
		SolutionGuid = {F7E931C2-6B57-4EB6-8770-A83593EB4B10}
	EndGlobalSection
EndGlobal
